
Microsoft Visual Studio Solution File, Format Version 12.00
# Visual Studio Version 16
VisualStudioVersion = 16.0.31515.178
MinimumVisualStudioVersion = 10.0.40219.1
Project("{2150E333-8FDC-42A3-9474-1A3956D46DE8}") = "01. Clients", "01. Clients", "{615EA6B7-5276-4D49-848E-E9BFDD48AA21}"
EndProject
Project("{2150E333-8FDC-42A3-9474-1A3956D46DE8}") = "02. Api.Gateways", "02. Api.Gateways", "{15D6C936-330A-41F7-803D-5CB1A4C3C668}"
EndProject
Project("{2150E333-8FDC-42A3-9474-1A3956D46DE8}") = "03. Services", "03. Services", "{28F9733F-0D3D-449B-B0EE-A709F3CEDA96}"
EndProject
Project("{2150E333-8FDC-42A3-9474-1A3956D46DE8}") = "01. Apis", "01. Apis", "{FE2092A5-2529-4C6E-8686-4E613795E9C5}"
EndProject
Project("{9A19103F-16F7-4668-BE54-9A1E7A4F7556}") = "Api.Gateway.WebClient", "src\Services\Gateway\Api.Gateway.WebClient\Api.Gateway.WebClient.csproj", "{AB5124BD-7E0F-4805-AA08-BFC289C338F6}"
EndProject
Project("{9A19103F-16F7-4668-BE54-9A1E7A4F7556}") = "Api.Gateway.Models", "src\Services\Gateway\Api.Gateway.Models\Api.Gateway.Models.csproj", "{B8AC64A2-C599-4FF2-A722-A64321C855DF}"
EndProject
Project("{9A19103F-16F7-4668-BE54-9A1E7A4F7556}") = "Api.Gateway.Proxies", "src\Services\Gateway\Api.Gateway.Proxies\Api.Gateway.Proxies.csproj", "{99C77E5B-DCA0-428F-86F8-0C4061B729F4}"
EndProject
Project("{2150E333-8FDC-42A3-9474-1A3956D46DE8}") = "02. Services", "02. Services", "{FDAC627C-9215-4007-B833-06F3092870EB}"
EndProject
Project("{2150E333-8FDC-42A3-9474-1A3956D46DE8}") = "01. Facturas", "01. Facturas", "{A6F3DFB2-5DD6-4EFD-B023-B9A94F656F07}"
EndProject
Project("{2150E333-8FDC-42A3-9474-1A3956D46DE8}") = "API", "API", "{01BACA4B-2365-4CFE-9B88-9598EE406D91}"
EndProject
Project("{9A19103F-16F7-4668-BE54-9A1E7A4F7556}") = "Facturas.Api", "src\Services\Facturas\Facturas.Api\Facturas.Api.csproj", "{C15951E6-EBA2-4397-B98D-ADD650CAE519}"
EndProject
Project("{2150E333-8FDC-42A3-9474-1A3956D46DE8}") = "02. Logistica", "02. Logistica", "{75469419-AD50-4FF0-858C-82E9A34E263C}"
EndProject
Project("{9A19103F-16F7-4668-BE54-9A1E7A4F7556}") = "Logistica.Api", "src\Services\Logistica\Logistica.Api\Logistica.Api.csproj", "{CE470156-4AFB-4FF2-A968-B171311AB980}"
EndProject
Global
	GlobalSection(SolutionConfigurationPlatforms) = preSolution
		Debug|Any CPU = Debug|Any CPU
		Debug|x86 = Debug|x86
		Release|Any CPU = Release|Any CPU
		Release|x86 = Release|x86
	EndGlobalSection
	GlobalSection(ProjectConfigurationPlatforms) = postSolution
		{AB5124BD-7E0F-4805-AA08-BFC289C338F6}.Debug|Any CPU.ActiveCfg = Debug|Any CPU
		{AB5124BD-7E0F-4805-AA08-BFC289C338F6}.Debug|Any CPU.Build.0 = Debug|Any CPU
		{AB5124BD-7E0F-4805-AA08-BFC289C338F6}.Debug|x86.ActiveCfg = Debug|Any CPU
		{AB5124BD-7E0F-4805-AA08-BFC289C338F6}.Debug|x86.Build.0 = Debug|Any CPU
		{AB5124BD-7E0F-4805-AA08-BFC289C338F6}.Release|Any CPU.ActiveCfg = Release|Any CPU
		{AB5124BD-7E0F-4805-AA08-BFC289C338F6}.Release|Any CPU.Build.0 = Release|Any CPU
		{AB5124BD-7E0F-4805-AA08-BFC289C338F6}.Release|x86.ActiveCfg = Release|Any CPU
		{AB5124BD-7E0F-4805-AA08-BFC289C338F6}.Release|x86.Build.0 = Release|Any CPU
		{B8AC64A2-C599-4FF2-A722-A64321C855DF}.Debug|Any CPU.ActiveCfg = Debug|Any CPU
		{B8AC64A2-C599-4FF2-A722-A64321C855DF}.Debug|Any CPU.Build.0 = Debug|Any CPU
		{B8AC64A2-C599-4FF2-A722-A64321C855DF}.Debug|x86.ActiveCfg = Debug|Any CPU
		{B8AC64A2-C599-4FF2-A722-A64321C855DF}.Debug|x86.Build.0 = Debug|Any CPU
		{B8AC64A2-C599-4FF2-A722-A64321C855DF}.Release|Any CPU.ActiveCfg = Release|Any CPU
		{B8AC64A2-C599-4FF2-A722-A64321C855DF}.Release|Any CPU.Build.0 = Release|Any CPU
		{B8AC64A2-C599-4FF2-A722-A64321C855DF}.Release|x86.ActiveCfg = Release|Any CPU
		{B8AC64A2-C599-4FF2-A722-A64321C855DF}.Release|x86.Build.0 = Release|Any CPU
		{99C77E5B-DCA0-428F-86F8-0C4061B729F4}.Debug|Any CPU.ActiveCfg = Debug|Any CPU
		{99C77E5B-DCA0-428F-86F8-0C4061B729F4}.Debug|Any CPU.Build.0 = Debug|Any CPU
		{99C77E5B-DCA0-428F-86F8-0C4061B729F4}.Debug|x86.ActiveCfg = Debug|Any CPU
		{99C77E5B-DCA0-428F-86F8-0C4061B729F4}.Debug|x86.Build.0 = Debug|Any CPU
		{99C77E5B-DCA0-428F-86F8-0C4061B729F4}.Release|Any CPU.ActiveCfg = Release|Any CPU
		{99C77E5B-DCA0-428F-86F8-0C4061B729F4}.Release|Any CPU.Build.0 = Release|Any CPU
		{99C77E5B-DCA0-428F-86F8-0C4061B729F4}.Release|x86.ActiveCfg = Release|Any CPU
		{99C77E5B-DCA0-428F-86F8-0C4061B729F4}.Release|x86.Build.0 = Release|Any CPU
		{C15951E6-EBA2-4397-B98D-ADD650CAE519}.Debug|Any CPU.ActiveCfg = Debug|Any CPU
		{C15951E6-EBA2-4397-B98D-ADD650CAE519}.Debug|Any CPU.Build.0 = Debug|Any CPU
		{C15951E6-EBA2-4397-B98D-ADD650CAE519}.Debug|x86.ActiveCfg = Debug|Any CPU
		{C15951E6-EBA2-4397-B98D-ADD650CAE519}.Debug|x86.Build.0 = Debug|Any CPU
		{C15951E6-EBA2-4397-B98D-ADD650CAE519}.Release|Any CPU.ActiveCfg = Release|Any CPU
		{C15951E6-EBA2-4397-B98D-ADD650CAE519}.Release|Any CPU.Build.0 = Release|Any CPU
		{C15951E6-EBA2-4397-B98D-ADD650CAE519}.Release|x86.ActiveCfg = Release|Any CPU
		{C15951E6-EBA2-4397-B98D-ADD650CAE519}.Release|x86.Build.0 = Release|Any CPU
		{CE470156-4AFB-4FF2-A968-B171311AB980}.Debug|Any CPU.ActiveCfg = Debug|Any CPU
		{CE470156-4AFB-4FF2-A968-B171311AB980}.Debug|Any CPU.Build.0 = Debug|Any CPU
		{CE470156-4AFB-4FF2-A968-B171311AB980}.Debug|x86.ActiveCfg = Debug|Any CPU
		{CE470156-4AFB-4FF2-A968-B171311AB980}.Debug|x86.Build.0 = Debug|Any CPU
		{CE470156-4AFB-4FF2-A968-B171311AB980}.Release|Any CPU.ActiveCfg = Release|Any CPU
		{CE470156-4AFB-4FF2-A968-B171311AB980}.Release|Any CPU.Build.0 = Release|Any CPU
		{CE470156-4AFB-4FF2-A968-B171311AB980}.Release|x86.ActiveCfg = Release|Any CPU
		{CE470156-4AFB-4FF2-A968-B171311AB980}.Release|x86.Build.0 = Release|Any CPU
	EndGlobalSection
	GlobalSection(SolutionProperties) = preSolution
		HideSolutionNode = FALSE
	EndGlobalSection
	GlobalSection(NestedProjects) = preSolution
		{FE2092A5-2529-4C6E-8686-4E613795E9C5} = {15D6C936-330A-41F7-803D-5CB1A4C3C668}
		{AB5124BD-7E0F-4805-AA08-BFC289C338F6} = {FE2092A5-2529-4C6E-8686-4E613795E9C5}
		{B8AC64A2-C599-4FF2-A722-A64321C855DF} = {FDAC627C-9215-4007-B833-06F3092870EB}
		{99C77E5B-DCA0-428F-86F8-0C4061B729F4} = {FDAC627C-9215-4007-B833-06F3092870EB}
		{FDAC627C-9215-4007-B833-06F3092870EB} = {15D6C936-330A-41F7-803D-5CB1A4C3C668}
		{A6F3DFB2-5DD6-4EFD-B023-B9A94F656F07} = {28F9733F-0D3D-449B-B0EE-A709F3CEDA96}
		{01BACA4B-2365-4CFE-9B88-9598EE406D91} = {A6F3DFB2-5DD6-4EFD-B023-B9A94F656F07}
		{C15951E6-EBA2-4397-B98D-ADD650CAE519} = {01BACA4B-2365-4CFE-9B88-9598EE406D91}
		{75469419-AD50-4FF0-858C-82E9A34E263C} = {28F9733F-0D3D-449B-B0EE-A709F3CEDA96}
		{CE470156-4AFB-4FF2-A968-B171311AB980} = {75469419-AD50-4FF0-858C-82E9A34E263C}
	EndGlobalSection
	GlobalSection(ExtensibilityGlobals) = postSolution
		SolutionGuid = {51521ED1-C029-4E7B-8EF2-8C440DF7FF36}
	EndGlobalSection
EndGlobal
